// !$*UTF8*$!
{
	archiveVersion = 1;
	classes = {
	};
	objectVersion = 56;
	objects = {

/* Begin PBXBuildFile section */
		100000000000000000000001 /* main.swift in Sources */ = {isa = PBXBuildFile; fileRef = 100000000000000000000101 /* main.swift */; };
		100000000000000000000002 /* CodexBeacon.icns in Resources */ = {isa = PBXBuildFile; fileRef = 100000000000000000000102 /* CodexBeacon.icns */; };
		100000000000000000000003 /* Presets in Resources */ = {isa = PBXBuildFile; fileRef = 100000000000000000000103 /* Presets */; };
		100000000000000000000004 /* helper in Resources */ = {isa = PBXBuildFile; fileRef = 100000000000000000000104 /* helper */; };
		100000000000000000000005 /* CodexBeaconWidget.swift in Sources */ = {isa = PBXBuildFile; fileRef = 100000000000000000000105 /* CodexBeaconWidget.swift */; };
		100000000000000000000006 /* CodexBeaconWidget.appex in Embed App Extensions */ = {isa = PBXBuildFile; fileRef = 100000000000000000000202 /* CodexBeaconWidget.appex */; settings = {ATTRIBUTES = (RemoveHeadersOnCopy, ); }; };
		100000000000000000000007 /* Assets.xcassets in Resources */ = {isa = PBXBuildFile; fileRef = 100000000000000000000109 /* Assets.xcassets */; };
/* End PBXBuildFile section */

/* Begin PBXContainerItemProxy section */
		100000000000000000000301 /* PBXContainerItemProxy */ = {
			isa = PBXContainerItemProxy;
			containerPortal = 100000000000000000000401 /* Project object */;
			proxyType = 1;
			remoteGlobalIDString = 100000000000000000000502;
			remoteInfo = CodexBeaconWidget;
		};
/* End PBXContainerItemProxy section */

/* Begin PBXCopyFilesBuildPhase section */
		100000000000000000000601 /* Embed App Extensions */ = {
			isa = PBXCopyFilesBuildPhase;
			buildActionMask = 2147483647;
			dstPath = "";
			dstSubfolderSpec = 13;
			files = (
				100000000000000000000006 /* CodexBeaconWidget.appex in Embed App Extensions */,
			);
			name = "Embed App Extensions";
			runOnlyForDeploymentPostprocessing = 0;
		};
/* End PBXCopyFilesBuildPhase section */

/* Begin PBXFileReference section */
		100000000000000000000101 /* main.swift */ = {isa = PBXFileReference; lastKnownFileType = sourcecode.swift; path = Sources/CodexBeacon/main.swift; sourceTree = "<group>"; };
		100000000000000000000102 /* CodexBeacon.icns */ = {isa = PBXFileReference; lastKnownFileType = image.icns; path = Resources/CodexBeacon.icns; sourceTree = "<group>"; };
		100000000000000000000103 /* Presets */ = {isa = PBXFileReference; lastKnownFileType = folder; path = Resources/Presets; sourceTree = "<group>"; };
		100000000000000000000104 /* helper */ = {isa = PBXFileReference; lastKnownFileType = folder; path = Resources/helper; sourceTree = "<group>"; };
		100000000000000000000105 /* CodexBeaconWidget.swift */ = {isa = PBXFileReference; lastKnownFileType = sourcecode.swift; path = Widget/CodexBeaconWidget.swift; sourceTree = "<group>"; };
		100000000000000000000106 /* Widget Info.plist */ = {isa = PBXFileReference; lastKnownFileType = text.plist.xml; path = Widget/Info.plist; sourceTree = "<group>"; };
		100000000000000000000107 /* CodexBeaconWidget.entitlements */ = {isa = PBXFileReference; lastKnownFileType = text.plist.entitlements; path = Widget/CodexBeaconWidget.entitlements; sourceTree = "<group>"; };
		100000000000000000000108 /* Info.plist */ = {isa = PBXFileReference; lastKnownFileType = text.plist.xml; path = Info.plist; sourceTree = "<group>"; };
		100000000000000000000109 /* Assets.xcassets */ = {isa = PBXFileReference; lastKnownFileType = folder.assetcatalog; path = Widget/Assets.xcassets; sourceTree = "<group>"; };
		100000000000000000000201 /* Codex Beacon.app */ = {isa = PBXFileReference; explicitFileType = wrapper.application; includeInIndex = 0; path = "Codex Beacon.app"; sourceTree = BUILT_PRODUCTS_DIR; };
		100000000000000000000202 /* CodexBeaconWidget.appex */ = {isa = PBXFileReference; explicitFileType = "wrapper.app-extension"; includeInIndex = 0; path = CodexBeaconWidget.appex; sourceTree = BUILT_PRODUCTS_DIR; };
/* End PBXFileReference section */

/* Begin PBXFrameworksBuildPhase section */
		100000000000000000000701 /* Frameworks */ = {
			isa = PBXFrameworksBuildPhase;
			buildActionMask = 2147483647;
			files = (
			);
			runOnlyForDeploymentPostprocessing = 0;
		};
		100000000000000000000702 /* Frameworks */ = {
			isa = PBXFrameworksBuildPhase;
			buildActionMask = 2147483647;
			files = (
			);
			runOnlyForDeploymentPostprocessing = 0;
		};
/* End PBXFrameworksBuildPhase section */

/* Begin PBXGroup section */
		100000000000000000000801 = {
			isa = PBXGroup;
			children = (
				100000000000000000000802 /* App */,
				100000000000000000000803 /* Widget */,
				100000000000000000000804 /* Products */,
			);
			sourceTree = "<group>";
		};
		100000000000000000000802 /* App */ = {
			isa = PBXGroup;
			children = (
				100000000000000000000101 /* main.swift */,
				100000000000000000000108 /* Info.plist */,
				100000000000000000000102 /* CodexBeacon.icns */,
				100000000000000000000103 /* Presets */,
				100000000000000000000104 /* helper */,
			);
			name = App;
			sourceTree = "<group>";
		};
		100000000000000000000803 /* Widget */ = {
			isa = PBXGroup;
				children = (
					100000000000000000000105 /* CodexBeaconWidget.swift */,
					100000000000000000000109 /* Assets.xcassets */,
					100000000000000000000106 /* Widget Info.plist */,
					100000000000000000000107 /* CodexBeaconWidget.entitlements */,
				);
			name = Widget;
			sourceTree = "<group>";
		};
		100000000000000000000804 /* Products */ = {
			isa = PBXGroup;
			children = (
				100000000000000000000201 /* Codex Beacon.app */,
				100000000000000000000202 /* CodexBeaconWidget.appex */,
			);
			name = Products;
			sourceTree = "<group>";
		};
/* End PBXGroup section */

/* Begin PBXNativeTarget section */
		100000000000000000000501 /* Codex Beacon */ = {
			isa = PBXNativeTarget;
			buildConfigurationList = 100000000000000000000901 /* Build configuration list for PBXNativeTarget "Codex Beacon" */;
			buildPhases = (
				100000000000000000000A01 /* Sources */,
				100000000000000000000701 /* Frameworks */,
				100000000000000000000B01 /* Resources */,
				100000000000000000000601 /* Embed App Extensions */,
			);
			buildRules = (
			);
			dependencies = (
				100000000000000000000302 /* PBXTargetDependency */,
			);
			name = "Codex Beacon";
			productName = "Codex Beacon";
			productReference = 100000000000000000000201 /* Codex Beacon.app */;
			productType = "com.apple.product-type.application";
		};
		100000000000000000000502 /* CodexBeaconWidget */ = {
			isa = PBXNativeTarget;
			buildConfigurationList = 100000000000000000000902 /* Build configuration list for PBXNativeTarget "CodexBeaconWidget" */;
			buildPhases = (
				100000000000000000000A02 /* Sources */,
				100000000000000000000702 /* Frameworks */,
				100000000000000000000B02 /* Resources */,
			);
			buildRules = (
			);
			dependencies = (
			);
			name = CodexBeaconWidget;
			productName = CodexBeaconWidget;
			productReference = 100000000000000000000202 /* CodexBeaconWidget.appex */;
			productType = "com.apple.product-type.app-extension";
		};
/* End PBXNativeTarget section */

/* Begin PBXProject section */
		100000000000000000000401 /* Project object */ = {
			isa = PBXProject;
			attributes = {
				BuildIndependentTargetsInParallel = 1;
				LastSwiftUpdateCheck = 2630;
				LastUpgradeCheck = 2630;
				TargetAttributes = {
					100000000000000000000501 = {
						CreatedOnToolsVersion = 26.3;
					};
					100000000000000000000502 = {
						CreatedOnToolsVersion = 26.3;
					};
				};
			};
			buildConfigurationList = 100000000000000000000900 /* Build configuration list for PBXProject "CodexBeacon" */;
			compatibilityVersion = "Xcode 14.0";
			developmentRegion = en;
			hasScannedForEncodings = 0;
			knownRegions = (
				en,
				Base,
			);
			mainGroup = 100000000000000000000801;
			productRefGroup = 100000000000000000000804 /* Products */;
			projectDirPath = "";
			projectRoot = "";
			targets = (
				100000000000000000000501 /* Codex Beacon */,
				100000000000000000000502 /* CodexBeaconWidget */,
			);
		};
/* End PBXProject section */

/* Begin PBXResourcesBuildPhase section */
		100000000000000000000B01 /* Resources */ = {
			isa = PBXResourcesBuildPhase;
			buildActionMask = 2147483647;
			files = (
				100000000000000000000002 /* CodexBeacon.icns in Resources */,
				100000000000000000000003 /* Presets in Resources */,
				100000000000000000000004 /* helper in Resources */,
			);
			runOnlyForDeploymentPostprocessing = 0;
		};
		100000000000000000000B02 /* Resources */ = {
			isa = PBXResourcesBuildPhase;
			buildActionMask = 2147483647;
			files = (
				100000000000000000000007 /* Assets.xcassets in Resources */,
			);
			runOnlyForDeploymentPostprocessing = 0;
		};
/* End PBXResourcesBuildPhase section */

/* Begin PBXSourcesBuildPhase section */
		100000000000000000000A01 /* Sources */ = {
			isa = PBXSourcesBuildPhase;
			buildActionMask = 2147483647;
			files = (
				100000000000000000000001 /* main.swift in Sources */,
			);
			runOnlyForDeploymentPostprocessing = 0;
		};
		100000000000000000000A02 /* Sources */ = {
			isa = PBXSourcesBuildPhase;
			buildActionMask = 2147483647;
			files = (
				100000000000000000000005 /* CodexBeaconWidget.swift in Sources */,
			);
			runOnlyForDeploymentPostprocessing = 0;
		};
/* End PBXSourcesBuildPhase section */

/* Begin PBXTargetDependency section */
		100000000000000000000302 /* PBXTargetDependency */ = {
			isa = PBXTargetDependency;
			target = 100000000000000000000502 /* CodexBeaconWidget */;
			targetProxy = 100000000000000000000301 /* PBXContainerItemProxy */;
		};
/* End PBXTargetDependency section */

/* Begin XCBuildConfiguration section */
		100000000000000000000C01 /* Debug */ = {
			isa = XCBuildConfiguration;
			buildSettings = {
				ALWAYS_SEARCH_USER_PATHS = NO;
				CLANG_ANALYZER_NONNULL = YES;
				CLANG_ANALYZER_NUMBER_OBJECT_CONVERSION = YES_AGGRESSIVE;
				CLANG_CXX_LANGUAGE_STANDARD = "gnu++20";
				CLANG_ENABLE_MODULES = YES;
				CLANG_ENABLE_OBJC_ARC = YES;
				CLANG_ENABLE_OBJC_WEAK = YES;
				CLANG_WARN_BLOCK_CAPTURE_AUTORELEASING = YES;
				CLANG_WARN_BOOL_CONVERSION = YES;
				CLANG_WARN_COMMA = YES;
				CLANG_WARN_CONSTANT_CONVERSION = YES;
				CLANG_WARN_DEPRECATED_OBJC_IMPLEMENTATIONS = YES;
				CLANG_WARN_DIRECT_OBJC_ISA_USAGE = YES_ERROR;
				CLANG_WARN_DOCUMENTATION_COMMENTS = YES;
				CLANG_WARN_EMPTY_BODY = YES;
				CLANG_WARN_ENUM_CONVERSION = YES;
				CLANG_WARN_INFINITE_RECURSION = YES;
				CLANG_WARN_INT_CONVERSION = YES;
				CLANG_WARN_NON_LITERAL_NULL_CONVERSION = YES;
				CLANG_WARN_OBJC_IMPLICIT_RETAIN_SELF = YES;
				CLANG_WARN_OBJC_LITERAL_CONVERSION = YES;
				CLANG_WARN_OBJC_ROOT_CLASS = YES_ERROR;
				CLANG_WARN_QUOTED_INCLUDE_IN_FRAMEWORK_HEADER = YES;
				CLANG_WARN_RANGE_LOOP_ANALYSIS = YES;
				CLANG_WARN_STRICT_PROTOTYPES = YES;
				CLANG_WARN_SUSPICIOUS_MOVE = YES;
				CLANG_WARN_UNGUARDED_AVAILABILITY = YES_AGGRESSIVE;
				CLANG_WARN_UNREACHABLE_CODE = YES;
				COPY_PHASE_STRIP = NO;
				DEBUG_INFORMATION_FORMAT = dwarf;
				ENABLE_STRICT_OBJC_MSGSEND = YES;
				ENABLE_TESTABILITY = YES;
				GCC_C_LANGUAGE_STANDARD = gnu17;
				GCC_DYNAMIC_NO_PIC = NO;
				GCC_NO_COMMON_BLOCKS = YES;
				GCC_OPTIMIZATION_LEVEL = 0;
				GCC_PREPROCESSOR_DEFINITIONS = (
					"DEBUG=1",
					"$(inherited)",
				);
				GCC_WARN_64_TO_32_BIT_CONVERSION = YES;
				GCC_WARN_ABOUT_RETURN_TYPE = YES_ERROR;
				GCC_WARN_UNDECLARED_SELECTOR = YES;
				GCC_WARN_UNINITIALIZED_AUTOS = YES_AGGRESSIVE;
				GCC_WARN_UNUSED_FUNCTION = YES;
				GCC_WARN_UNUSED_VARIABLE = YES;
				MACOSX_DEPLOYMENT_TARGET = 12.0;
				MTL_ENABLE_DEBUG_INFO = INCLUDE_SOURCE;
				MTL_FAST_MATH = YES;
				ONLY_ACTIVE_ARCH = YES;
				SDKROOT = macosx;
				SWIFT_ACTIVE_COMPILATION_CONDITIONS = DEBUG;
				SWIFT_OPTIMIZATION_LEVEL = "-Onone";
			};
			name = Debug;
		};
		100000000000000000000C02 /* Release */ = {
			isa = XCBuildConfiguration;
			buildSettings = {
				ARCHS = "arm64 x86_64";
				ALWAYS_SEARCH_USER_PATHS = NO;
				CLANG_ANALYZER_NONNULL = YES;
				CLANG_ANALYZER_NUMBER_OBJECT_CONVERSION = YES_AGGRESSIVE;
				CLANG_CXX_LANGUAGE_STANDARD = "gnu++20";
				CLANG_ENABLE_MODULES = YES;
				CLANG_ENABLE_OBJC_ARC = YES;
				CLANG_ENABLE_OBJC_WEAK = YES;
				CLANG_WARN_BLOCK_CAPTURE_AUTORELEASING = YES;
				CLANG_WARN_BOOL_CONVERSION = YES;
				CLANG_WARN_COMMA = YES;
				CLANG_WARN_CONSTANT_CONVERSION = YES;
				CLANG_WARN_DEPRECATED_OBJC_IMPLEMENTATIONS = YES;
				CLANG_WARN_DIRECT_OBJC_ISA_USAGE = YES_ERROR;
				CLANG_WARN_DOCUMENTATION_COMMENTS = YES;
				CLANG_WARN_EMPTY_BODY = YES;
				CLANG_WARN_ENUM_CONVERSION = YES;
				CLANG_WARN_INFINITE_RECURSION = YES;
				CLANG_WARN_INT_CONVERSION = YES;
				CLANG_WARN_NON_LITERAL_NULL_CONVERSION = YES;
				CLANG_WARN_OBJC_IMPLICIT_RETAIN_SELF = YES;
				CLANG_WARN_OBJC_LITERAL_CONVERSION = YES;
				CLANG_WARN_OBJC_ROOT_CLASS = YES_ERROR;
				CLANG_WARN_QUOTED_INCLUDE_IN_FRAMEWORK_HEADER = YES;
				CLANG_WARN_RANGE_LOOP_ANALYSIS = YES;
				CLANG_WARN_STRICT_PROTOTYPES = YES;
				CLANG_WARN_SUSPICIOUS_MOVE = YES;
				CLANG_WARN_UNGUARDED_AVAILABILITY = YES_AGGRESSIVE;
				CLANG_WARN_UNREACHABLE_CODE = YES;
				COPY_PHASE_STRIP = NO;
				DEBUG_INFORMATION_FORMAT = "dwarf-with-dsym";
				ENABLE_NS_ASSERTIONS = NO;
				ENABLE_STRICT_OBJC_MSGSEND = YES;
				GCC_C_LANGUAGE_STANDARD = gnu17;
				GCC_NO_COMMON_BLOCKS = YES;
				GCC_WARN_64_TO_32_BIT_CONVERSION = YES;
				GCC_WARN_ABOUT_RETURN_TYPE = YES_ERROR;
				GCC_WARN_UNDECLARED_SELECTOR = YES;
				GCC_WARN_UNINITIALIZED_AUTOS = YES_AGGRESSIVE;
				GCC_WARN_UNUSED_FUNCTION = YES;
				GCC_WARN_UNUSED_VARIABLE = YES;
				MACOSX_DEPLOYMENT_TARGET = 12.0;
				MTL_ENABLE_DEBUG_INFO = NO;
				MTL_FAST_MATH = YES;
				ONLY_ACTIVE_ARCH = NO;
				SDKROOT = macosx;
				SWIFT_COMPILATION_MODE = wholemodule;
				SWIFT_OPTIMIZATION_LEVEL = "-O";
			};
			name = Release;
		};
		100000000000000000000D01 /* Debug */ = {
			isa = XCBuildConfiguration;
			buildSettings = {
				CODE_SIGN_IDENTITY = "-";
				CODE_SIGN_STYLE = Manual;
				DEVELOPMENT_TEAM = "";
				EXECUTABLE_NAME = CodexBeacon;
				INFOPLIST_FILE = Info.plist;
				LD_RUNPATH_SEARCH_PATHS = "$(inherited) @executable_path/../Frameworks";
				MACOSX_DEPLOYMENT_TARGET = 12.0;
				OTHER_LDFLAGS = "$(inherited) -framework AppKit -framework Network";
				PRODUCT_BUNDLE_IDENTIFIER = com.codexbeacon.native;
				PRODUCT_NAME = "Codex Beacon";
				SWIFT_VERSION = 5.0;
			};
			name = Debug;
		};
		100000000000000000000D02 /* Release */ = {
			isa = XCBuildConfiguration;
			buildSettings = {
				CODE_SIGN_IDENTITY = "-";
				CODE_SIGN_STYLE = Manual;
				DEVELOPMENT_TEAM = "";
				EXECUTABLE_NAME = CodexBeacon;
				INFOPLIST_FILE = Info.plist;
				LD_RUNPATH_SEARCH_PATHS = "$(inherited) @executable_path/../Frameworks";
				MACOSX_DEPLOYMENT_TARGET = 12.0;
				OTHER_LDFLAGS = "$(inherited) -framework AppKit -framework Network";
				PRODUCT_BUNDLE_IDENTIFIER = com.codexbeacon.native;
				PRODUCT_NAME = "Codex Beacon";
				SWIFT_VERSION = 5.0;
			};
			name = Release;
		};
		100000000000000000000E01 /* Debug */ = {
			isa = XCBuildConfiguration;
			buildSettings = {
				APPLICATION_EXTENSION_API_ONLY = YES;
				CODE_SIGN_ENTITLEMENTS = Widget/CodexBeaconWidget.entitlements;
				CODE_SIGN_IDENTITY = "-";
				CODE_SIGN_STYLE = Manual;
				DEVELOPMENT_TEAM = "";
				INFOPLIST_FILE = Widget/Info.plist;
				LD_RUNPATH_SEARCH_PATHS = "$(inherited) @executable_path/../Frameworks @executable_path/../../../../Frameworks";
				MACOSX_DEPLOYMENT_TARGET = 14.0;
				PRODUCT_BUNDLE_IDENTIFIER = com.codexbeacon.native.widget;
				PRODUCT_NAME = CodexBeaconWidget;
				SKIP_INSTALL = YES;
				SWIFT_VERSION = 5.0;
			};
			name = Debug;
		};
		100000000000000000000E02 /* Release */ = {
			isa = XCBuildConfiguration;
			buildSettings = {
				APPLICATION_EXTENSION_API_ONLY = YES;
				CODE_SIGN_ENTITLEMENTS = Widget/CodexBeaconWidget.entitlements;
				CODE_SIGN_IDENTITY = "-";
				CODE_SIGN_STYLE = Manual;
				DEVELOPMENT_TEAM = "";
				INFOPLIST_FILE = Widget/Info.plist;
				LD_RUNPATH_SEARCH_PATHS = "$(inherited) @executable_path/../Frameworks @executable_path/../../../../Frameworks";
				MACOSX_DEPLOYMENT_TARGET = 14.0;
				PRODUCT_BUNDLE_IDENTIFIER = com.codexbeacon.native.widget;
				PRODUCT_NAME = CodexBeaconWidget;
				SKIP_INSTALL = YES;
				SWIFT_VERSION = 5.0;
			};
			name = Release;
		};
/* End XCBuildConfiguration section */

/* Begin XCConfigurationList section */
		100000000000000000000900 /* Build configuration list for PBXProject "CodexBeacon" */ = {
			isa = XCConfigurationList;
			buildConfigurations = (
				100000000000000000000C01 /* Debug */,
				100000000000000000000C02 /* Release */,
			);
			defaultConfigurationIsVisible = 0;
			defaultConfigurationName = Release;
		};
		100000000000000000000901 /* Build configuration list for PBXNativeTarget "Codex Beacon" */ = {
			isa = XCConfigurationList;
			buildConfigurations = (
				100000000000000000000D01 /* Debug */,
				100000000000000000000D02 /* Release */,
			);
			defaultConfigurationIsVisible = 0;
			defaultConfigurationName = Release;
		};
		100000000000000000000902 /* Build configuration list for PBXNativeTarget "CodexBeaconWidget" */ = {
			isa = XCConfigurationList;
			buildConfigurations = (
				100000000000000000000E01 /* Debug */,
				100000000000000000000E02 /* Release */,
			);
			defaultConfigurationIsVisible = 0;
			defaultConfigurationName = Release;
		};
/* End XCConfigurationList section */
	};
	rootObject = 100000000000000000000401 /* Project object */;
}
